// !$*UTF8*$!
{
	archiveVersion = 1;
	classes = {
	};
	objectVersion = 55;
	objects = {

/* Begin PBXBuildFile section */
		33532E8D2845EFBF00B46244 /* ContentView.swift in Sources */ = {isa = PBXBuildFile; fileRef = 33532E8C2845EFBF00B46244 /* ContentView.swift */; };
		33532E8F2845EFBF00B46244 /* Assets.xcassets in Resources */ = {isa = PBXBuildFile; fileRef = 33532E8E2845EFBF00B46244 /* Assets.xcassets */; };
		33532EBC2845F13700B46244 /* HomeScreen.swift in Sources */ = {isa = PBXBuildFile; fileRef = 33532EBB2845F13700B46244 /* HomeScreen.swift */; };
		33532EBE2845F49900B46244 /* LockScreen.swift in Sources */ = {isa = PBXBuildFile; fileRef = 33532EBD2845F49900B46244 /* LockScreen.swift */; };
		336F005B28462B63003D929A /* Home.swift in Sources */ = {isa = PBXBuildFile; fileRef = 336F005A28462B63003D929A /* Home.swift */; };
		336F005E28462C01003D929A /* MorbPhoneApp.swift in Sources */ = {isa = PBXBuildFile; fileRef = 336F005D28462C01003D929A /* MorbPhoneApp.swift */; };
		336F00702846421F003D929A /* slideToUnlock.mp3 in Resources */ = {isa = PBXBuildFile; fileRef = 336F006F2846421F003D929A /* slideToUnlock.mp3 */; };
		336F00712846421F003D929A /* slideToUnlock.mp3 in Resources */ = {isa = PBXBuildFile; fileRef = 336F006F2846421F003D929A /* slideToUnlock.mp3 */; };
		336F00722846421F003D929A /* slideToUnlock.mp3 in Resources */ = {isa = PBXBuildFile; fileRef = 336F006F2846421F003D929A /* slideToUnlock.mp3 */; };
		33F4A4952846064700F2FF77 /* ViewModel.swift in Sources */ = {isa = PBXBuildFile; fileRef = 33F4A4942846064700F2FF77 /* ViewModel.swift */; };
		33F4A49E28460F7A00F2FF77 /* augh.mp3 in Resources */ = {isa = PBXBuildFile; fileRef = 33F4A49D28460F7A00F2FF77 /* augh.mp3 */; };
		33F4A49F28460F7A00F2FF77 /* augh.mp3 in Resources */ = {isa = PBXBuildFile; fileRef = 33F4A49D28460F7A00F2FF77 /* augh.mp3 */; };
		33F4A4A028460F7A00F2FF77 /* augh.mp3 in Resources */ = {isa = PBXBuildFile; fileRef = 33F4A49D28460F7A00F2FF77 /* augh.mp3 */; };
/* End PBXBuildFile section */

/* Begin PBXContainerItemProxy section */
		33532E982845EFBF00B46244 /* PBXContainerItemProxy */ = {
			isa = PBXContainerItemProxy;
			containerPortal = 33532E7F2845EFBF00B46244 /* Project object */;
			proxyType = 1;
			remoteGlobalIDString = 33532E862845EFBF00B46244;
			remoteInfo = MorbPhone;
		};
		33532EA22845EFBF00B46244 /* PBXContainerItemProxy */ = {
			isa = PBXContainerItemProxy;
			containerPortal = 33532E7F2845EFBF00B46244 /* Project object */;
			proxyType = 1;
			remoteGlobalIDString = 33532E862845EFBF00B46244;
			remoteInfo = MorbPhone;
		};
/* End PBXContainerItemProxy section */

/* Begin PBXFileReference section */
		33532E872845EFBF00B46244 /* MorbPhone.app */ = {isa = PBXFileReference; explicitFileType = wrapper.application; includeInIndex = 0; path = MorbPhone.app; sourceTree = BUILT_PRODUCTS_DIR; };
		33532E8C2845EFBF00B46244 /* ContentView.swift */ = {isa = PBXFileReference; lastKnownFileType = sourcecode.swift; path = ContentView.swift; sourceTree = "<group>"; };
		33532E8E2845EFBF00B46244 /* Assets.xcassets */ = {isa = PBXFileReference; lastKnownFileType = folder.assetcatalog; path = Assets.xcassets; sourceTree = "<group>"; };
		33532E972845EFBF00B46244 /* MorbPhoneTests.xctest */ = {isa = PBXFileReference; explicitFileType = wrapper.cfbundle; includeInIndex = 0; path = MorbPhoneTests.xctest; sourceTree = BUILT_PRODUCTS_DIR; };
		33532EA12845EFBF00B46244 /* MorbPhoneUITests.xctest */ = {isa = PBXFileReference; explicitFileType = wrapper.cfbundle; includeInIndex = 0; path = MorbPhoneUITests.xctest; sourceTree = BUILT_PRODUCTS_DIR; };
		33532EBB2845F13700B46244 /* HomeScreen.swift */ = {isa = PBXFileReference; lastKnownFileType = sourcecode.swift; path = HomeScreen.swift; sourceTree = "<group>"; };
		33532EBD2845F49900B46244 /* LockScreen.swift */ = {isa = PBXFileReference; lastKnownFileType = sourcecode.swift; path = LockScreen.swift; sourceTree = "<group>"; };
		336F005A28462B63003D929A /* Home.swift */ = {isa = PBXFileReference; lastKnownFileType = sourcecode.swift; path = Home.swift; sourceTree = "<group>"; };
		336F005D28462C01003D929A /* MorbPhoneApp.swift */ = {isa = PBXFileReference; lastKnownFileType = sourcecode.swift; path = MorbPhoneApp.swift; sourceTree = "<group>"; };
		336F006F2846421F003D929A /* slideToUnlock.mp3 */ = {isa = PBXFileReference; lastKnownFileType = audio.mp3; path = slideToUnlock.mp3; sourceTree = "<group>"; };
		33F4A4942846064700F2FF77 /* ViewModel.swift */ = {isa = PBXFileReference; lastKnownFileType = sourcecode.swift; path = ViewModel.swift; sourceTree = "<group>"; };
		33F4A49D28460F7A00F2FF77 /* augh.mp3 */ = {isa = PBXFileReference; lastKnownFileType = audio.mp3; path = augh.mp3; sourceTree = "<group>"; };
/* End PBXFileReference section */

/* Begin PBXFrameworksBuildPhase section */
		33532E842845EFBF00B46244 /* Frameworks */ = {
			isa = PBXFrameworksBuildPhase;
			buildActionMask = 2147483647;
			files = (
			);
			runOnlyForDeploymentPostprocessing = 0;
		};
		33532E942845EFBF00B46244 /* Frameworks */ = {
			isa = PBXFrameworksBuildPhase;
			buildActionMask = 2147483647;
			files = (
			);
			runOnlyForDeploymentPostprocessing = 0;
		};
		33532E9E2845EFBF00B46244 /* Frameworks */ = {
			isa = PBXFrameworksBuildPhase;
			buildActionMask = 2147483647;
			files = (
			);
			runOnlyForDeploymentPostprocessing = 0;
		};
/* End PBXFrameworksBuildPhase section */

/* Begin PBXGroup section */
		33532E7E2845EFBF00B46244 = {
			isa = PBXGroup;
			children = (
				33532E892845EFBF00B46244 /* MorbPhone */,
				33532E882845EFBF00B46244 /* Products */,
			);
			sourceTree = "<group>";
		};
		33532E882845EFBF00B46244 /* Products */ = {
			isa = PBXGroup;
			children = (
				33532E872845EFBF00B46244 /* MorbPhone.app */,
				33532E972845EFBF00B46244 /* MorbPhoneTests.xctest */,
				33532EA12845EFBF00B46244 /* MorbPhoneUITests.xctest */,
			);
			name = Products;
			sourceTree = "<group>";
		};
		33532E892845EFBF00B46244 /* MorbPhone */ = {
			isa = PBXGroup;
			children = (
				336F005D28462C01003D929A /* MorbPhoneApp.swift */,
				336F005C28462B6B003D929A /* Models */,
				33F4A49628460A3400F2FF77 /* Sounds */,
				33532EBA2845F12B00B46244 /* Views */,
				33532E8C2845EFBF00B46244 /* ContentView.swift */,
				33532E8E2845EFBF00B46244 /* Assets.xcassets */,
				33F4A4942846064700F2FF77 /* ViewModel.swift */,
			);
			path = MorbPhone;
			sourceTree = "<group>";
		};
		33532EBA2845F12B00B46244 /* Views */ = {
			isa = PBXGroup;
			children = (
				33532EBB2845F13700B46244 /* HomeScreen.swift */,
				33532EBD2845F49900B46244 /* LockScreen.swift */,
			);
			path = Views;
			sourceTree = "<group>";
		};
		336F005C28462B6B003D929A /* Models */ = {
			isa = PBXGroup;
			children = (
				336F005A28462B63003D929A /* Home.swift */,
			);
			path = Models;
			sourceTree = "<group>";
		};
		33F4A49628460A3400F2FF77 /* Sounds */ = {
			isa = PBXGroup;
			children = (
				336F006F2846421F003D929A /* slideToUnlock.mp3 */,
				33F4A49D28460F7A00F2FF77 /* augh.mp3 */,
			);
			path = Sounds;
			sourceTree = "<group>";
		};
/* End PBXGroup section */

/* Begin PBXNativeTarget section */
		33532E862845EFBF00B46244 /* MorbPhone */ = {
			isa = PBXNativeTarget;
			buildConfigurationList = 33532EAB2845EFBF00B46244 /* Build configuration list for PBXNativeTarget "MorbPhone" */;
			buildPhases = (
				33532E832845EFBF00B46244 /* Sources */,
				33532E842845EFBF00B46244 /* Frameworks */,
				33532E852845EFBF00B46244 /* Resources */,
			);
			buildRules = (
			);
			dependencies = (
			);
			name = MorbPhone;
			productName = MorbPhone;
			productReference = 33532E872845EFBF00B46244 /* MorbPhone.app */;
			productType = "com.apple.product-type.application";
		};
		33532E962845EFBF00B46244 /* MorbPhoneTests */ = {
			isa = PBXNativeTarget;
			buildConfigurationList = 33532EAE2845EFBF00B46244 /* Build configuration list for PBXNativeTarget "MorbPhoneTests" */;
			buildPhases = (
				33532E932845EFBF00B46244 /* Sources */,
				33532E942845EFBF00B46244 /* Frameworks */,
				33532E952845EFBF00B46244 /* Resources */,
			);
			buildRules = (
			);
			dependencies = (
				33532E992845EFBF00B46244 /* PBXTargetDependency */,
			);
			name = MorbPhoneTests;
			productName = MorbPhoneTests;
			productReference = 33532E972845EFBF00B46244 /* MorbPhoneTests.xctest */;
			productType = "com.apple.product-type.bundle.unit-test";
		};
		33532EA02845EFBF00B46244 /* MorbPhoneUITests */ = {
			isa = PBXNativeTarget;
			buildConfigurationList = 33532EB12845EFBF00B46244 /* Build configuration list for PBXNativeTarget "MorbPhoneUITests" */;
			buildPhases = (
				33532E9D2845EFBF00B46244 /* Sources */,
				33532E9E2845EFBF00B46244 /* Frameworks */,
				33532E9F2845EFBF00B46244 /* Resources */,
			);
			buildRules = (
			);
			dependencies = (
				33532EA32845EFBF00B46244 /* PBXTargetDependency */,
			);
			name = MorbPhoneUITests;
			productName = MorbPhoneUITests;
			productReference = 33532EA12845EFBF00B46244 /* MorbPhoneUITests.xctest */;
			productType = "com.apple.product-type.bundle.ui-testing";
		};
/* End PBXNativeTarget section */

/* Begin PBXProject section */
		33532E7F2845EFBF00B46244 /* Project object */ = {
			isa = PBXProject;
			attributes = {
				BuildIndependentTargetsInParallel = 1;
				LastSwiftUpdateCheck = 1330;
				LastUpgradeCheck = 1330;
				TargetAttributes = {
					33532E862845EFBF00B46244 = {
						CreatedOnToolsVersion = 13.3.1;
					};
					33532E962845EFBF00B46244 = {
						CreatedOnToolsVersion = 13.3.1;
						TestTargetID = 33532E862845EFBF00B46244;
					};
					33532EA02845EFBF00B46244 = {
						CreatedOnToolsVersion = 13.3.1;
						TestTargetID = 33532E862845EFBF00B46244;
					};
				};
			};
			buildConfigurationList = 33532E822845EFBF00B46244 /* Build configuration list for PBXProject "MorbPhone" */;
			compatibilityVersion = "Xcode 13.0";
			developmentRegion = en;
			hasScannedForEncodings = 0;
			knownRegions = (
				en,
				Base,
			);
			mainGroup = 33532E7E2845EFBF00B46244;
			productRefGroup = 33532E882845EFBF00B46244 /* Products */;
			projectDirPath = "";
			projectRoot = "";
			targets = (
				33532E862845EFBF00B46244 /* MorbPhone */,
				33532E962845EFBF00B46244 /* MorbPhoneTests */,
				33532EA02845EFBF00B46244 /* MorbPhoneUITests */,
			);
		};
/* End PBXProject section */

/* Begin PBXResourcesBuildPhase section */
		33532E852845EFBF00B46244 /* Resources */ = {
			isa = PBXResourcesBuildPhase;
			buildActionMask = 2147483647;
			files = (
				33532E8F2845EFBF00B46244 /* Assets.xcassets in Resources */,
				33F4A49E28460F7A00F2FF77 /* augh.mp3 in Resources */,
				336F00702846421F003D929A /* slideToUnlock.mp3 in Resources */,
			);
			runOnlyForDeploymentPostprocessing = 0;
		};
		33532E952845EFBF00B46244 /* Resources */ = {
			isa = PBXResourcesBuildPhase;
			buildActionMask = 2147483647;
			files = (
				33F4A49F28460F7A00F2FF77 /* augh.mp3 in Resources */,
				336F00712846421F003D929A /* slideToUnlock.mp3 in Resources */,
			);
			runOnlyForDeploymentPostprocessing = 0;
		};
		33532E9F2845EFBF00B46244 /* Resources */ = {
			isa = PBXResourcesBuildPhase;
			buildActionMask = 2147483647;
			files = (
				33F4A4A028460F7A00F2FF77 /* augh.mp3 in Resources */,
				336F00722846421F003D929A /* slideToUnlock.mp3 in Resources */,
			);
			runOnlyForDeploymentPostprocessing = 0;
		};
/* End PBXResourcesBuildPhase section */

/* Begin PBXSourcesBuildPhase section */
		33532E832845EFBF00B46244 /* Sources */ = {
			isa = PBXSourcesBuildPhase;
			buildActionMask = 2147483647;
			files = (
				33F4A4952846064700F2FF77 /* ViewModel.swift in Sources */,
				33532EBC2845F13700B46244 /* HomeScreen.swift in Sources */,
				33532EBE2845F49900B46244 /* LockScreen.swift in Sources */,
				33532E8D2845EFBF00B46244 /* ContentView.swift in Sources */,
				336F005E28462C01003D929A /* MorbPhoneApp.swift in Sources */,
				336F005B28462B63003D929A /* Home.swift in Sources */,
			);
			runOnlyForDeploymentPostprocessing = 0;
		};
		33532E932845EFBF00B46244 /* Sources */ = {
			isa = PBXSourcesBuildPhase;
			buildActionMask = 2147483647;
			files = (
			);
			runOnlyForDeploymentPostprocessing = 0;
		};
		33532E9D2845EFBF00B46244 /* Sources */ = {
			isa = PBXSourcesBuildPhase;
			buildActionMask = 2147483647;
			files = (
			);
			runOnlyForDeploymentPostprocessing = 0;
		};
/* End PBXSourcesBuildPhase section */

/* Begin PBXTargetDependency section */
		33532E992845EFBF00B46244 /* PBXTargetDependency */ = {
			isa = PBXTargetDependency;
			target = 33532E862845EFBF00B46244 /* MorbPhone */;
			targetProxy = 33532E982845EFBF00B46244 /* PBXContainerItemProxy */;
		};
		33532EA32845EFBF00B46244 /* PBXTargetDependency */ = {
			isa = PBXTargetDependency;
			target = 33532E862845EFBF00B46244 /* MorbPhone */;
			targetProxy = 33532EA22845EFBF00B46244 /* PBXContainerItemProxy */;
		};
/* End PBXTargetDependency section */

/* Begin XCBuildConfiguration section */
		33532EA92845EFBF00B46244 /* Debug */ = {
			isa = XCBuildConfiguration;
			buildSettings = {
				ALWAYS_SEARCH_USER_PATHS = NO;
				CLANG_ANALYZER_NONNULL = YES;
				CLANG_ANALYZER_NUMBER_OBJECT_CONVERSION = YES_AGGRESSIVE;
				CLANG_CXX_LANGUAGE_STANDARD = "gnu++17";
				CLANG_ENABLE_MODULES = YES;
				CLANG_ENABLE_OBJC_ARC = YES;
				CLANG_ENABLE_OBJC_WEAK = YES;
				CLANG_WARN_BLOCK_CAPTURE_AUTORELEASING = YES;
				CLANG_WARN_BOOL_CONVERSION = YES;
				CLANG_WARN_COMMA = YES;
				CLANG_WARN_CONSTANT_CONVERSION = YES;
				CLANG_WARN_DEPRECATED_OBJC_IMPLEMENTATIONS = YES;
				CLANG_WARN_DIRECT_OBJC_ISA_USAGE = YES_ERROR;
				CLANG_WARN_DOCUMENTATION_COMMENTS = YES;
				CLANG_WARN_EMPTY_BODY = YES;
				CLANG_WARN_ENUM_CONVERSION = YES;
				CLANG_WARN_INFINITE_RECURSION = YES;
				CLANG_WARN_INT_CONVERSION = YES;
				CLANG_WARN_NON_LITERAL_NULL_CONVERSION = YES;
				CLANG_WARN_OBJC_IMPLICIT_RETAIN_SELF = YES;
				CLANG_WARN_OBJC_LITERAL_CONVERSION = YES;
				CLANG_WARN_OBJC_ROOT_CLASS = YES_ERROR;
				CLANG_WARN_QUOTED_INCLUDE_IN_FRAMEWORK_HEADER = YES;
				CLANG_WARN_RANGE_LOOP_ANALYSIS = YES;
				CLANG_WARN_STRICT_PROTOTYPES = YES;
				CLANG_WARN_SUSPICIOUS_MOVE = YES;
				CLANG_WARN_UNGUARDED_AVAILABILITY = YES_AGGRESSIVE;
				CLANG_WARN_UNREACHABLE_CODE = YES;
				CLANG_WARN__DUPLICATE_METHOD_MATCH = YES;
				COPY_PHASE_STRIP = NO;
				DEBUG_INFORMATION_FORMAT = dwarf;
				ENABLE_STRICT_OBJC_MSGSEND = YES;
				ENABLE_TESTABILITY = YES;
				GCC_C_LANGUAGE_STANDARD = gnu11;
				GCC_DYNAMIC_NO_PIC = NO;
				GCC_NO_COMMON_BLOCKS = YES;
				GCC_OPTIMIZATION_LEVEL = 0;
				GCC_PREPROCESSOR_DEFINITIONS = (
					"DEBUG=1",
					"$(inherited)",
				);
				GCC_WARN_64_TO_32_BIT_CONVERSION = YES;
				GCC_WARN_ABOUT_RETURN_TYPE = YES_ERROR;
				GCC_WARN_UNDECLARED_SELECTOR = YES;
				GCC_WARN_UNINITIALIZED_AUTOS = YES_AGGRESSIVE;
				GCC_WARN_UNUSED_FUNCTION = YES;
				GCC_WARN_UNUSED_VARIABLE = YES;
				IPHONEOS_DEPLOYMENT_TARGET = 15.4;
				MTL_ENABLE_DEBUG_INFO = INCLUDE_SOURCE;
				MTL_FAST_MATH = YES;
				ONLY_ACTIVE_ARCH = YES;
				SDKROOT = iphoneos;
				SWIFT_ACTIVE_COMPILATION_CONDITIONS = DEBUG;
				SWIFT_OPTIMIZATION_LEVEL = "-Onone";
			};
			name = Debug;
		};
		33532EAA2845EFBF00B46244 /* Release */ = {
			isa = XCBuildConfiguration;
			buildSettings = {
				ALWAYS_SEARCH_USER_PATHS = NO;
				CLANG_ANALYZER_NONNULL = YES;
				CLANG_ANALYZER_NUMBER_OBJECT_CONVERSION = YES_AGGRESSIVE;
				CLANG_CXX_LANGUAGE_STANDARD = "gnu++17";
				CLANG_ENABLE_MODULES = YES;
				CLANG_ENABLE_OBJC_ARC = YES;
				CLANG_ENABLE_OBJC_WEAK = YES;
				CLANG_WARN_BLOCK_CAPTURE_AUTORELEASING = YES;
				CLANG_WARN_BOOL_CONVERSION = YES;
				CLANG_WARN_COMMA = YES;
				CLANG_WARN_CONSTANT_CONVERSION = YES;
				CLANG_WARN_DEPRECATED_OBJC_IMPLEMENTATIONS = YES;
				CLANG_WARN_DIRECT_OBJC_ISA_USAGE = YES_ERROR;
				CLANG_WARN_DOCUMENTATION_COMMENTS = YES;
				CLANG_WARN_EMPTY_BODY = YES;
				CLANG_WARN_ENUM_CONVERSION = YES;
				CLANG_WARN_INFINITE_RECURSION = YES;
				CLANG_WARN_INT_CONVERSION = YES;
				CLANG_WARN_NON_LITERAL_NULL_CONVERSION = YES;
				CLANG_WARN_OBJC_IMPLICIT_RETAIN_SELF = YES;
				CLANG_WARN_OBJC_LITERAL_CONVERSION = YES;
				CLANG_WARN_OBJC_ROOT_CLASS = YES_ERROR;
				CLANG_WARN_QUOTED_INCLUDE_IN_FRAMEWORK_HEADER = YES;
				CLANG_WARN_RANGE_LOOP_ANALYSIS = YES;
				CLANG_WARN_STRICT_PROTOTYPES = YES;
				CLANG_WARN_SUSPICIOUS_MOVE = YES;
				CLANG_WARN_UNGUARDED_AVAILABILITY = YES_AGGRESSIVE;
				CLANG_WARN_UNREACHABLE_CODE = YES;
				CLANG_WARN__DUPLICATE_METHOD_MATCH = YES;
				COPY_PHASE_STRIP = NO;
				DEBUG_INFORMATION_FORMAT = "dwarf-with-dsym";
				ENABLE_NS_ASSERTIONS = NO;
				ENABLE_STRICT_OBJC_MSGSEND = YES;
				GCC_C_LANGUAGE_STANDARD = gnu11;
				GCC_NO_COMMON_BLOCKS = YES;
				GCC_WARN_64_TO_32_BIT_CONVERSION = YES;
				GCC_WARN_ABOUT_RETURN_TYPE = YES_ERROR;
				GCC_WARN_UNDECLARED_SELECTOR = YES;
				GCC_WARN_UNINITIALIZED_AUTOS = YES_AGGRESSIVE;
				GCC_WARN_UNUSED_FUNCTION = YES;
				GCC_WARN_UNUSED_VARIABLE = YES;
				IPHONEOS_DEPLOYMENT_TARGET = 15.4;
				MTL_ENABLE_DEBUG_INFO = NO;
				MTL_FAST_MATH = YES;
				SDKROOT = iphoneos;
				SWIFT_COMPILATION_MODE = wholemodule;
				SWIFT_OPTIMIZATION_LEVEL = "-O";
				VALIDATE_PRODUCT = YES;
			};
			name = Release;
		};
		33532EAC2845EFBF00B46244 /* Debug */ = {
			isa = XCBuildConfiguration;
			buildSettings = {
				ASSETCATALOG_COMPILER_APPICON_NAME = AppIcon;
				ASSETCATALOG_COMPILER_GLOBAL_ACCENT_COLOR_NAME = AccentColor;
				CODE_SIGN_STYLE = Automatic;
				CURRENT_PROJECT_VERSION = 1;
				DEVELOPMENT_TEAM = 6DWJWLSP44;
				ENABLE_PREVIEWS = YES;
				GENERATE_INFOPLIST_FILE = YES;
				INFOPLIST_KEY_UIApplicationSceneManifest_Generation = YES;
				INFOPLIST_KEY_UIApplicationSupportsIndirectInputEvents = YES;
				INFOPLIST_KEY_UILaunchScreen_Generation = YES;
				INFOPLIST_KEY_UISupportedInterfaceOrientations_iPad = "UIInterfaceOrientationPortrait UIInterfaceOrientationPortraitUpsideDown UIInterfaceOrientationLandscapeLeft UIInterfaceOrientationLandscapeRight";
				INFOPLIST_KEY_UISupportedInterfaceOrientations_iPhone = "UIInterfaceOrientationPortrait UIInterfaceOrientationLandscapeLeft UIInterfaceOrientationLandscapeRight";
				LD_RUNPATH_SEARCH_PATHS = (
					"$(inherited)",
					"@executable_path/Frameworks",
				);
				MARKETING_VERSION = 1.0;
				PRODUCT_BUNDLE_IDENTIFIER = daniel.MorbPhone;
				PRODUCT_NAME = MorbPhone;
				SWIFT_EMIT_LOC_STRINGS = YES;
				SWIFT_VERSION = 5.0;
				TARGETED_DEVICE_FAMILY = "1,2";
			};
			name = Debug;
		};
		33532EAD2845EFBF00B46244 /* Release */ = {
			isa = XCBuildConfiguration;
			buildSettings = {
				ASSETCATALOG_COMPILER_APPICON_NAME = AppIcon;
				ASSETCATALOG_COMPILER_GLOBAL_ACCENT_COLOR_NAME = AccentColor;
				CODE_SIGN_STYLE = Automatic;
				CURRENT_PROJECT_VERSION = 1;
				DEVELOPMENT_TEAM = 6DWJWLSP44;
				ENABLE_PREVIEWS = YES;
				GENERATE_INFOPLIST_FILE = YES;
				INFOPLIST_KEY_UIApplicationSceneManifest_Generation = YES;
				INFOPLIST_KEY_UIApplicationSupportsIndirectInputEvents = YES;
				INFOPLIST_KEY_UILaunchScreen_Generation = YES;
				INFOPLIST_KEY_UISupportedInterfaceOrientations_iPad = "UIInterfaceOrientationPortrait UIInterfaceOrientationPortraitUpsideDown UIInterfaceOrientationLandscapeLeft UIInterfaceOrientationLandscapeRight";
				INFOPLIST_KEY_UISupportedInterfaceOrientations_iPhone = "UIInterfaceOrientationPortrait UIInterfaceOrientationLandscapeLeft UIInterfaceOrientationLandscapeRight";
				LD_RUNPATH_SEARCH_PATHS = (
					"$(inherited)",
					"@executable_path/Frameworks",
				);
				MARKETING_VERSION = 1.0;
				PRODUCT_BUNDLE_IDENTIFIER = daniel.MorbPhone;
				PRODUCT_NAME = MorbPhone;
				SWIFT_EMIT_LOC_STRINGS = YES;
				SWIFT_VERSION = 5.0;
				TARGETED_DEVICE_FAMILY = "1,2";
			};
			name = Release;
		};
		33532EAF2845EFBF00B46244 /* Debug */ = {
			isa = XCBuildConfiguration;
			buildSettings = {
				ALWAYS_EMBED_SWIFT_STANDARD_LIBRARIES = YES;
				BUNDLE_LOADER = "$(TEST_HOST)";
				CODE_SIGN_STYLE = Automatic;
				CURRENT_PROJECT_VERSION = 1;
				DEVELOPMENT_TEAM = 6DWJWLSP44;
				GENERATE_INFOPLIST_FILE = YES;
				IPHONEOS_DEPLOYMENT_TARGET = 15.4;
				MARKETING_VERSION = 1.0;
				PRODUCT_BUNDLE_IDENTIFIER = daniel.MorbPhoneTests;
				PRODUCT_NAME = "$(TARGET_NAME)";
				SWIFT_EMIT_LOC_STRINGS = NO;
				SWIFT_VERSION = 5.0;
				TARGETED_DEVICE_FAMILY = "1,2";
				TEST_HOST = "$(BUILT_PRODUCTS_DIR)/MorbPhone.app/MorbPhone";
			};
			name = Debug;
		};
		33532EB02845EFBF00B46244 /* Release */ = {
			isa = XCBuildConfiguration;
			buildSettings = {
				ALWAYS_EMBED_SWIFT_STANDARD_LIBRARIES = YES;
				BUNDLE_LOADER = "$(TEST_HOST)";
				CODE_SIGN_STYLE = Automatic;
				CURRENT_PROJECT_VERSION = 1;
				DEVELOPMENT_TEAM = 6DWJWLSP44;
				GENERATE_INFOPLIST_FILE = YES;
				IPHONEOS_DEPLOYMENT_TARGET = 15.4;
				MARKETING_VERSION = 1.0;
				PRODUCT_BUNDLE_IDENTIFIER = daniel.MorbPhoneTests;
				PRODUCT_NAME = "$(TARGET_NAME)";
				SWIFT_EMIT_LOC_STRINGS = NO;
				SWIFT_VERSION = 5.0;
				TARGETED_DEVICE_FAMILY = "1,2";
				TEST_HOST = "$(BUILT_PRODUCTS_DIR)/MorbPhone.app/MorbPhone";
			};
			name = Release;
		};
		33532EB22845EFBF00B46244 /* Debug */ = {
			isa = XCBuildConfiguration;
			buildSettings = {
				ALWAYS_EMBED_SWIFT_STANDARD_LIBRARIES = YES;
				CODE_SIGN_STYLE = Automatic;
				CURRENT_PROJECT_VERSION = 1;
				DEVELOPMENT_TEAM = 6DWJWLSP44;
				GENERATE_INFOPLIST_FILE = YES;
				MARKETING_VERSION = 1.0;
				PRODUCT_BUNDLE_IDENTIFIER = daniel.MorbPhoneUITests;
				PRODUCT_NAME = "$(TARGET_NAME)";
				SWIFT_EMIT_LOC_STRINGS = NO;
				SWIFT_VERSION = 5.0;
				TARGETED_DEVICE_FAMILY = "1,2";
				TEST_TARGET_NAME = MorbPhone;
			};
			name = Debug;
		};
		33532EB32845EFBF00B46244 /* Release */ = {
			isa = XCBuildConfiguration;
			buildSettings = {
				ALWAYS_EMBED_SWIFT_STANDARD_LIBRARIES = YES;
				CODE_SIGN_STYLE = Automatic;
				CURRENT_PROJECT_VERSION = 1;
				DEVELOPMENT_TEAM = 6DWJWLSP44;
				GENERATE_INFOPLIST_FILE = YES;
				MARKETING_VERSION = 1.0;
				PRODUCT_BUNDLE_IDENTIFIER = daniel.MorbPhoneUITests;
				PRODUCT_NAME = "$(TARGET_NAME)";
				SWIFT_EMIT_LOC_STRINGS = NO;
				SWIFT_VERSION = 5.0;
				TARGETED_DEVICE_FAMILY = "1,2";
				TEST_TARGET_NAME = MorbPhone;
			};
			name = Release;
		};
/* End XCBuildConfiguration section */

/* Begin XCConfigurationList section */
		33532E822845EFBF00B46244 /* Build configuration list for PBXProject "MorbPhone" */ = {
			isa = XCConfigurationList;
			buildConfigurations = (
				33532EA92845EFBF00B46244 /* Debug */,
				33532EAA2845EFBF00B46244 /* Release */,
			);
			defaultConfigurationIsVisible = 0;
			defaultConfigurationName = Release;
		};
		33532EAB2845EFBF00B46244 /* Build configuration list for PBXNativeTarget "MorbPhone" */ = {
			isa = XCConfigurationList;
			buildConfigurations = (
				33532EAC2845EFBF00B46244 /* Debug */,
				33532EAD2845EFBF00B46244 /* Release */,
			);
			defaultConfigurationIsVisible = 0;
			defaultConfigurationName = Release;
		};
		33532EAE2845EFBF00B46244 /* Build configuration list for PBXNativeTarget "MorbPhoneTests" */ = {
			isa = XCConfigurationList;
			buildConfigurations = (
				33532EAF2845EFBF00B46244 /* Debug */,
				33532EB02845EFBF00B46244 /* Release */,
			);
			defaultConfigurationIsVisible = 0;
			defaultConfigurationName = Release;
		};
		33532EB12845EFBF00B46244 /* Build configuration list for PBXNativeTarget "MorbPhoneUITests" */ = {
			isa = XCConfigurationList;
			buildConfigurations = (
				33532EB22845EFBF00B46244 /* Debug */,
				33532EB32845EFBF00B46244 /* Release */,
			);
			defaultConfigurationIsVisible = 0;
			defaultConfigurationName = Release;
		};
/* End XCConfigurationList section */
	};
	rootObject = 33532E7F2845EFBF00B46244 /* Project object */;
}
